
Microsoft Visual Studio Solution File, Format Version 12.00
# Visual Studio Version 16
VisualStudioVersion = 16.0.30804.86
MinimumVisualStudioVersion = 10.0.40219.1
Project("{8BC9CEB8-8B4A-11D0-8D11-00A0C91BC942}") = "ConsoleApplication1", "ConsoleApplication1\ConsoleApplication1.vcxproj", "{6B0D25A7-0B4F-42FF-86C5-9A50CC039E4A}"
EndProject
Project("{8BC9CEB8-8B4A-11D0-8D11-00A0C91BC942}") = "ConsoleApplication2", "ConsoleApplication2\ConsoleApplication2.vcxproj", "{39CD5521-3C0C-4902-8577-FD4E374AFD56}"
EndProject
Project("{8BC9CEB8-8B4A-11D0-8D11-00A0C91BC942}") = "Project1", "Project1\Project1.vcxproj", "{294E0420-A3AC-4EE0-995B-07BCDE3215C0}"
EndProject
Global
	GlobalSection(SolutionConfigurationPlatforms) = preSolution
		Debug|Win32 = Debug|Win32
		Debug|x64 = Debug|x64
		Release|Win32 = Release|Win32
		Release|x64 = Release|x64
	EndGlobalSection
	GlobalSection(ProjectConfigurationPlatforms) = postSolution
		{6B0D25A7-0B4F-42FF-86C5-9A50CC039E4A}.Debug|Win32.ActiveCfg = Debug|Win32
		{6B0D25A7-0B4F-42FF-86C5-9A50CC039E4A}.Debug|Win32.Build.0 = Debug|Win32
		{6B0D25A7-0B4F-42FF-86C5-9A50CC039E4A}.Debug|x64.ActiveCfg = Debug|Win32
		{6B0D25A7-0B4F-42FF-86C5-9A50CC039E4A}.Release|Win32.ActiveCfg = Release|Win32
		{6B0D25A7-0B4F-42FF-86C5-9A50CC039E4A}.Release|Win32.Build.0 = Release|Win32
		{6B0D25A7-0B4F-42FF-86C5-9A50CC039E4A}.Release|x64.ActiveCfg = Release|Win32
		{39CD5521-3C0C-4902-8577-FD4E374AFD56}.Debug|Win32.ActiveCfg = Debug|Win32
		{39CD5521-3C0C-4902-8577-FD4E374AFD56}.Debug|Win32.Build.0 = Debug|Win32
		{39CD5521-3C0C-4902-8577-FD4E374AFD56}.Debug|x64.ActiveCfg = Debug|x64
		{39CD5521-3C0C-4902-8577-FD4E374AFD56}.Debug|x64.Build.0 = Debug|x64
		{39CD5521-3C0C-4902-8577-FD4E374AFD56}.Release|Win32.ActiveCfg = Debug|Win32
		{39CD5521-3C0C-4902-8577-FD4E374AFD56}.Release|Win32.Build.0 = Debug|Win32
		{39CD5521-3C0C-4902-8577-FD4E374AFD56}.Release|x64.ActiveCfg = Release|x64
		{39CD5521-3C0C-4902-8577-FD4E374AFD56}.Release|x64.Build.0 = Release|x64
		{294E0420-A3AC-4EE0-995B-07BCDE3215C0}.Debug|Win32.ActiveCfg = Debug|Win32
		{294E0420-A3AC-4EE0-995B-07BCDE3215C0}.Debug|Win32.Build.0 = Debug|Win32
		{294E0420-A3AC-4EE0-995B-07BCDE3215C0}.Debug|x64.ActiveCfg = Debug|x64
		{294E0420-A3AC-4EE0-995B-07BCDE3215C0}.Debug|x64.Build.0 = Debug|x64
		{294E0420-A3AC-4EE0-995B-07BCDE3215C0}.Release|Win32.ActiveCfg = Release|Win32
		{294E0420-A3AC-4EE0-995B-07BCDE3215C0}.Release|Win32.Build.0 = Release|Win32
		{294E0420-A3AC-4EE0-995B-07BCDE3215C0}.Release|x64.ActiveCfg = Release|x64
		{294E0420-A3AC-4EE0-995B-07BCDE3215C0}.Release|x64.Build.0 = Release|x64
	EndGlobalSection
	GlobalSection(SolutionProperties) = preSolution
		HideSolutionNode = FALSE
	EndGlobalSection
	GlobalSection(ExtensibilityGlobals) = postSolution
		SolutionGuid = {B6FB9F20-EE13-4FD3-954A-587722009AE4}
	EndGlobalSection
EndGlobal
